
Microsoft Visual Studio Solution File, Format Version 12.00
# Visual Studio Version 17
VisualStudioVersion = 17.0.31903.59
MinimumVisualStudioVersion = 10.0.40219.1
Project("{2150E333-8FDC-42A3-9474-1A3956D46DE8}") = "src", "src", "{E8609DD6-5EE6-4E87-BABD-51F5BF00B95B}"
EndProject
Project("{2150E333-8FDC-42A3-9474-1A3956D46DE8}") = "API", "API", "{5A05054D-8012-46FF-82B3-2BF9954CAC41}"
EndProject
Project("{2150E333-8FDC-42A3-9474-1A3956D46DE8}") = "Core", "Core", "{B3DFB03C-E897-480C-9A02-D314296CD37D}"
EndProject
Project("{2150E333-8FDC-42A3-9474-1A3956D46DE8}") = "Infrastructure", "Infrastructure", "{CBEAABB8-13E0-4CF4-9024-9B3812C7BE1E}"
EndProject
Project("{2150E333-8FDC-42A3-9474-1A3956D46DE8}") = "Common", "Common", "{1C184325-D2D9-4DBA-8B30-70DE2149D428}"
EndProject
Project("{9A19103F-16F7-4668-BE54-9A1E7A4F7556}") = "Boardify.Api", "src\Boardify.Api\Boardify.Api.csproj", "{33552ACC-3427-4699-B7C5-6FAD1DAC6A38}"
EndProject
Project("{9A19103F-16F7-4668-BE54-9A1E7A4F7556}") = "Boardify.Domain", "src\Boardify.Domain\Boardify.Domain.csproj", "{B1B66E18-50E2-4ED9-B5FA-6FF9A0DC7F12}"
EndProject
Project("{9A19103F-16F7-4668-BE54-9A1E7A4F7556}") = "Boardify.Application", "src\Boardify.Application\Boardify.Application.csproj", "{DC0C7A4C-58D9-4DA0-AEFB-55EEE483B048}"
EndProject
Project("{9A19103F-16F7-4668-BE54-9A1E7A4F7556}") = "Boardify.Persistence", "src\Boardify.Persistence\Boardify.Persistence.csproj", "{C956870B-AAAD-4AC3-995C-1EEEEEF9BF37}"
EndProject
Project("{9A19103F-16F7-4668-BE54-9A1E7A4F7556}") = "Boardify.External", "src\Boardify.External\Boardify.External.csproj", "{62BBD413-6B43-4592-9085-85A77A6474EC}"
EndProject
Project("{9A19103F-16F7-4668-BE54-9A1E7A4F7556}") = "Boardify.Common", "src\Boardify.Common\Boardify.Common.csproj", "{741737FA-67F2-472C-9033-E99E57E18D5B}"
EndProject
Global
	GlobalSection(SolutionConfigurationPlatforms) = preSolution
		Debug|Any CPU = Debug|Any CPU
		Release|Any CPU = Release|Any CPU
	EndGlobalSection
	GlobalSection(ProjectConfigurationPlatforms) = postSolution
		{33552ACC-3427-4699-B7C5-6FAD1DAC6A38}.Debug|Any CPU.ActiveCfg = Debug|Any CPU
		{33552ACC-3427-4699-B7C5-6FAD1DAC6A38}.Debug|Any CPU.Build.0 = Debug|Any CPU
		{33552ACC-3427-4699-B7C5-6FAD1DAC6A38}.Release|Any CPU.ActiveCfg = Release|Any CPU
		{33552ACC-3427-4699-B7C5-6FAD1DAC6A38}.Release|Any CPU.Build.0 = Release|Any CPU
		{B1B66E18-50E2-4ED9-B5FA-6FF9A0DC7F12}.Debug|Any CPU.ActiveCfg = Debug|Any CPU
		{B1B66E18-50E2-4ED9-B5FA-6FF9A0DC7F12}.Debug|Any CPU.Build.0 = Debug|Any CPU
		{B1B66E18-50E2-4ED9-B5FA-6FF9A0DC7F12}.Release|Any CPU.ActiveCfg = Release|Any CPU
		{B1B66E18-50E2-4ED9-B5FA-6FF9A0DC7F12}.Release|Any CPU.Build.0 = Release|Any CPU
		{DC0C7A4C-58D9-4DA0-AEFB-55EEE483B048}.Debug|Any CPU.ActiveCfg = Debug|Any CPU
		{DC0C7A4C-58D9-4DA0-AEFB-55EEE483B048}.Debug|Any CPU.Build.0 = Debug|Any CPU
		{DC0C7A4C-58D9-4DA0-AEFB-55EEE483B048}.Release|Any CPU.ActiveCfg = Release|Any CPU
		{DC0C7A4C-58D9-4DA0-AEFB-55EEE483B048}.Release|Any CPU.Build.0 = Release|Any CPU
		{C956870B-AAAD-4AC3-995C-1EEEEEF9BF37}.Debug|Any CPU.ActiveCfg = Debug|Any CPU
		{C956870B-AAAD-4AC3-995C-1EEEEEF9BF37}.Debug|Any CPU.Build.0 = Debug|Any CPU
		{C956870B-AAAD-4AC3-995C-1EEEEEF9BF37}.Release|Any CPU.ActiveCfg = Release|Any CPU
		{C956870B-AAAD-4AC3-995C-1EEEEEF9BF37}.Release|Any CPU.Build.0 = Release|Any CPU
		{62BBD413-6B43-4592-9085-85A77A6474EC}.Debug|Any CPU.ActiveCfg = Debug|Any CPU
		{62BBD413-6B43-4592-9085-85A77A6474EC}.Debug|Any CPU.Build.0 = Debug|Any CPU
		{62BBD413-6B43-4592-9085-85A77A6474EC}.Release|Any CPU.ActiveCfg = Release|Any CPU
		{62BBD413-6B43-4592-9085-85A77A6474EC}.Release|Any CPU.Build.0 = Release|Any CPU
		{741737FA-67F2-472C-9033-E99E57E18D5B}.Debug|Any CPU.ActiveCfg = Debug|Any CPU
		{741737FA-67F2-472C-9033-E99E57E18D5B}.Debug|Any CPU.Build.0 = Debug|Any CPU
		{741737FA-67F2-472C-9033-E99E57E18D5B}.Release|Any CPU.ActiveCfg = Release|Any CPU
		{741737FA-67F2-472C-9033-E99E57E18D5B}.Release|Any CPU.Build.0 = Release|Any CPU
	EndGlobalSection
	GlobalSection(SolutionProperties) = preSolution
		HideSolutionNode = FALSE
	EndGlobalSection
	GlobalSection(NestedProjects) = preSolution
		{5A05054D-8012-46FF-82B3-2BF9954CAC41} = {E8609DD6-5EE6-4E87-BABD-51F5BF00B95B}
		{B3DFB03C-E897-480C-9A02-D314296CD37D} = {E8609DD6-5EE6-4E87-BABD-51F5BF00B95B}
		{CBEAABB8-13E0-4CF4-9024-9B3812C7BE1E} = {E8609DD6-5EE6-4E87-BABD-51F5BF00B95B}
		{1C184325-D2D9-4DBA-8B30-70DE2149D428} = {E8609DD6-5EE6-4E87-BABD-51F5BF00B95B}
		{33552ACC-3427-4699-B7C5-6FAD1DAC6A38} = {5A05054D-8012-46FF-82B3-2BF9954CAC41}
		{B1B66E18-50E2-4ED9-B5FA-6FF9A0DC7F12} = {B3DFB03C-E897-480C-9A02-D314296CD37D}
		{DC0C7A4C-58D9-4DA0-AEFB-55EEE483B048} = {B3DFB03C-E897-480C-9A02-D314296CD37D}
		{C956870B-AAAD-4AC3-995C-1EEEEEF9BF37} = {CBEAABB8-13E0-4CF4-9024-9B3812C7BE1E}
		{62BBD413-6B43-4592-9085-85A77A6474EC} = {CBEAABB8-13E0-4CF4-9024-9B3812C7BE1E}
		{741737FA-67F2-472C-9033-E99E57E18D5B} = {1C184325-D2D9-4DBA-8B30-70DE2149D428}
	EndGlobalSection
	GlobalSection(ExtensibilityGlobals) = postSolution
		SolutionGuid = {BE71EF50-DC76-435B-8539-D4E58D08D9E7}
	EndGlobalSection
EndGlobal
